# THIS IS AN AUTOGENERATED FILE. DO NOT EDIT THIS FILE DIRECTLY.
# yarn lockfile v1


use-reducer-logger@^1.0.1:
  version "1.0.1"
  resolved "https://registry.yarnpkg.com/use-reducer-logger/-/use-reducer-logger-1.0.1.tgz#1d8fb27dd6e13e18e26ba57a18eaccd31eadbe63"
  integrity sha512-PDFu4Bx3uJce3z+rtvYibrBM55hkmcjQTJl40WRe8/SbOjqDyNrJW5fe3RIsKXIiiDxpxZIBR2ix63Zm8fCN9w==
